
Microsoft Visual Studio Solution File, Format Version 12.00
Project("{FAE04EC0-301F-11D3-BF4B-00C04F79EFBC}") = "RentalGear", "RentalGear\RentalGear.csproj", "{87AFBFF9-098B-4B36-B58D-2AB68FCBFD36}"
EndProject
Global
	GlobalSection(SolutionConfigurationPlatforms) = preSolution
		Debug|Any CPU = Debug|Any CPU
		Release|Any CPU = Release|Any CPU
	EndGlobalSection
	GlobalSection(ProjectConfigurationPlatforms) = postSolution
		{87AFBFF9-098B-4B36-B58D-2AB68FCBFD36}.Debug|Any CPU.ActiveCfg = Debug|Any CPU
		{87AFBFF9-098B-4B36-B58D-2AB68FCBFD36}.Debug|Any CPU.Build.0 = Debug|Any CPU
		{87AFBFF9-098B-4B36-B58D-2AB68FCBFD36}.Release|Any CPU.ActiveCfg = Release|Any CPU
		{87AFBFF9-098B-4B36-B58D-2AB68FCBFD36}.Release|Any CPU.Build.0 = Release|Any CPU
	EndGlobalSection
EndGlobal
